
Microsoft Visual Studio Solution File, Format Version 12.00
# Visual Studio 15
VisualStudioVersion = 15.0.28010.2026
MinimumVisualStudioVersion = 10.0.40219.1
Project("{8BC9CEB8-8B4A-11D0-8D11-00A0C91BC942}") = "opencvlearn", "opencvlearn\opencvlearn.vcxproj", "{6FDDF552-CCC4-4B09-99EB-A5B8D1C0C8E6}"
EndProject
Project("{8BC9CEB8-8B4A-11D0-8D11-00A0C91BC942}") = "stereo_calib", "stereo_calib\stereo_calib.vcxproj", "{682B7CFD-3485-4F41-8751-323893AC5D32}"
EndProject
Project("{8BC9CEB8-8B4A-11D0-8D11-00A0C91BC942}") = "Project1", "Project1\Project1.vcxproj", "{3BA4AA87-ADBE-4372-ABCF-72D9CBCB0841}"
EndProject
Global
	GlobalSection(SolutionConfigurationPlatforms) = preSolution
		Debug|x64 = Debug|x64
		Debug|x86 = Debug|x86
		Release|x64 = Release|x64
		Release|x86 = Release|x86
	EndGlobalSection
	GlobalSection(ProjectConfigurationPlatforms) = postSolution
		{6FDDF552-CCC4-4B09-99EB-A5B8D1C0C8E6}.Debug|x64.ActiveCfg = Debug|x64
		{6FDDF552-CCC4-4B09-99EB-A5B8D1C0C8E6}.Debug|x64.Build.0 = Debug|x64
		{6FDDF552-CCC4-4B09-99EB-A5B8D1C0C8E6}.Debug|x86.ActiveCfg = Debug|Win32
		{6FDDF552-CCC4-4B09-99EB-A5B8D1C0C8E6}.Debug|x86.Build.0 = Debug|Win32
		{6FDDF552-CCC4-4B09-99EB-A5B8D1C0C8E6}.Release|x64.ActiveCfg = Release|x64
		{6FDDF552-CCC4-4B09-99EB-A5B8D1C0C8E6}.Release|x64.Build.0 = Release|x64
		{6FDDF552-CCC4-4B09-99EB-A5B8D1C0C8E6}.Release|x86.ActiveCfg = Release|Win32
		{6FDDF552-CCC4-4B09-99EB-A5B8D1C0C8E6}.Release|x86.Build.0 = Release|Win32
		{682B7CFD-3485-4F41-8751-323893AC5D32}.Debug|x64.ActiveCfg = Debug|x64
		{682B7CFD-3485-4F41-8751-323893AC5D32}.Debug|x64.Build.0 = Debug|x64
		{682B7CFD-3485-4F41-8751-323893AC5D32}.Debug|x86.ActiveCfg = Debug|Win32
		{682B7CFD-3485-4F41-8751-323893AC5D32}.Debug|x86.Build.0 = Debug|Win32
		{682B7CFD-3485-4F41-8751-323893AC5D32}.Release|x64.ActiveCfg = Release|x64
		{682B7CFD-3485-4F41-8751-323893AC5D32}.Release|x64.Build.0 = Release|x64
		{682B7CFD-3485-4F41-8751-323893AC5D32}.Release|x86.ActiveCfg = Release|Win32
		{682B7CFD-3485-4F41-8751-323893AC5D32}.Release|x86.Build.0 = Release|Win32
		{3BA4AA87-ADBE-4372-ABCF-72D9CBCB0841}.Debug|x64.ActiveCfg = Debug|x64
		{3BA4AA87-ADBE-4372-ABCF-72D9CBCB0841}.Debug|x64.Build.0 = Debug|x64
		{3BA4AA87-ADBE-4372-ABCF-72D9CBCB0841}.Debug|x86.ActiveCfg = Debug|Win32
		{3BA4AA87-ADBE-4372-ABCF-72D9CBCB0841}.Debug|x86.Build.0 = Debug|Win32
		{3BA4AA87-ADBE-4372-ABCF-72D9CBCB0841}.Release|x64.ActiveCfg = Release|x64
		{3BA4AA87-ADBE-4372-ABCF-72D9CBCB0841}.Release|x64.Build.0 = Release|x64
		{3BA4AA87-ADBE-4372-ABCF-72D9CBCB0841}.Release|x86.ActiveCfg = Release|Win32
		{3BA4AA87-ADBE-4372-ABCF-72D9CBCB0841}.Release|x86.Build.0 = Release|Win32
	EndGlobalSection
	GlobalSection(SolutionProperties) = preSolution
		HideSolutionNode = FALSE
	EndGlobalSection
	GlobalSection(ExtensibilityGlobals) = postSolution
		SolutionGuid = {56D00742-9CA5-4FF6-92F7-2CB014D395B3}
	EndGlobalSection
EndGlobal
